
Microsoft Visual Studio Solution File, Format Version 12.00
# Visual Studio 15
VisualStudioVersion = 15.0.28307.489
MinimumVisualStudioVersion = 10.0.40219.1
Project("{FAE04EC0-301F-11D3-BF4B-00C04F79EFBC}") = "G2_AutomationFramework_1", "G2_AutomationFramework_1\G2_AutomationFramework_1.csproj", "{546C27CD-6C30-4BFC-B256-2366E020692F}"
EndProject
Project("{FAE04EC0-301F-11D3-BF4B-00C04F79EFBC}") = "EtsyAutimationTests", "AutimationTests\EtsyAutimationTests.csproj", "{6D96D11B-15F0-4297-AD5D-797AC781F5A0}"
EndProject
Project("{FAE04EC0-301F-11D3-BF4B-00C04F79EFBC}") = "BDD1", "BDD1\BDD1.csproj", "{9C2E252C-C275-41B8-9404-E49ED90FF2EF}"
EndProject
Global
	GlobalSection(SolutionConfigurationPlatforms) = preSolution
		Debug|Any CPU = Debug|Any CPU
		Release|Any CPU = Release|Any CPU
	EndGlobalSection
	GlobalSection(ProjectConfigurationPlatforms) = postSolution
		{546C27CD-6C30-4BFC-B256-2366E020692F}.Debug|Any CPU.ActiveCfg = Debug|Any CPU
		{546C27CD-6C30-4BFC-B256-2366E020692F}.Debug|Any CPU.Build.0 = Debug|Any CPU
		{546C27CD-6C30-4BFC-B256-2366E020692F}.Release|Any CPU.ActiveCfg = Release|Any CPU
		{546C27CD-6C30-4BFC-B256-2366E020692F}.Release|Any CPU.Build.0 = Release|Any CPU
		{6D96D11B-15F0-4297-AD5D-797AC781F5A0}.Debug|Any CPU.ActiveCfg = Debug|Any CPU
		{6D96D11B-15F0-4297-AD5D-797AC781F5A0}.Debug|Any CPU.Build.0 = Debug|Any CPU
		{6D96D11B-15F0-4297-AD5D-797AC781F5A0}.Release|Any CPU.ActiveCfg = Release|Any CPU
		{6D96D11B-15F0-4297-AD5D-797AC781F5A0}.Release|Any CPU.Build.0 = Release|Any CPU
		{9C2E252C-C275-41B8-9404-E49ED90FF2EF}.Debug|Any CPU.ActiveCfg = Debug|Any CPU
		{9C2E252C-C275-41B8-9404-E49ED90FF2EF}.Debug|Any CPU.Build.0 = Debug|Any CPU
		{9C2E252C-C275-41B8-9404-E49ED90FF2EF}.Release|Any CPU.ActiveCfg = Release|Any CPU
		{9C2E252C-C275-41B8-9404-E49ED90FF2EF}.Release|Any CPU.Build.0 = Release|Any CPU
	EndGlobalSection
	GlobalSection(SolutionProperties) = preSolution
		HideSolutionNode = FALSE
	EndGlobalSection
	GlobalSection(ExtensibilityGlobals) = postSolution
		SolutionGuid = {36D2E11D-C013-42DB-90EB-0418148D3176}
	EndGlobalSection
EndGlobal
